
Microsoft Visual Studio Solution File, Format Version 12.00
# Visual Studio Version 17
VisualStudioVersion = 17.4.33213.308
MinimumVisualStudioVersion = 10.0.40219.1
Project("{FAE04EC0-301F-11D3-BF4B-00C04F79EFBC}") = "Aula08Estoque", "Aula08Estoque\Aula08Estoque.csproj", "{BC97DF3E-AC54-4700-BDA1-4C4137B4DC45}"
EndProject
Global
	GlobalSection(SolutionConfigurationPlatforms) = preSolution
		Debug|Any CPU = Debug|Any CPU
		Release|Any CPU = Release|Any CPU
	EndGlobalSection
	GlobalSection(ProjectConfigurationPlatforms) = postSolution
		{BC97DF3E-AC54-4700-BDA1-4C4137B4DC45}.Debug|Any CPU.ActiveCfg = Debug|Any CPU
		{BC97DF3E-AC54-4700-BDA1-4C4137B4DC45}.Debug|Any CPU.Build.0 = Debug|Any CPU
		{BC97DF3E-AC54-4700-BDA1-4C4137B4DC45}.Release|Any CPU.ActiveCfg = Release|Any CPU
		{BC97DF3E-AC54-4700-BDA1-4C4137B4DC45}.Release|Any CPU.Build.0 = Release|Any CPU
	EndGlobalSection
	GlobalSection(SolutionProperties) = preSolution
		HideSolutionNode = FALSE
	EndGlobalSection
	GlobalSection(ExtensibilityGlobals) = postSolution
		SolutionGuid = {7A28DD1D-9564-406C-A696-60244312540C}
	EndGlobalSection
EndGlobal
